# This file is generated by running "yarn install" inside your project.
# Manual changes might be lost - proceed with caution!

__metadata:
  version: 5
  cacheKey: 8

"@types/node@npm:*":
  version: 17.0.0
  resolution: "@types/node@npm:17.0.0"
  checksum: 30970a70c2eb78dbe80613d73243c255aaa9ce057d9e8595069ca0aef0363db0af45dc0d35f445cc804576a99df2970c170130663d76cd60319b779872e92ad6
  languageName: node
  linkType: hard

"@types/webidl-conversions@npm:*":
  version: 6.1.1
  resolution: "@types/webidl-conversions@npm:6.1.1"
  checksum: bd0faad4dfec232010d96a42fbd7b5ac4df557899050a6676a75d30ced8553f19e5a3c747fd2b4317f2810d4cf5d2d6dd47ad22ecfb9e6b21119aba678b8897f
  languageName: node
  linkType: hard

"@types/whatwg-url@npm:^8.2.1":
  version: 8.2.1
  resolution: "@types/whatwg-url@npm:8.2.1"
  dependencies:
    "@types/node": "*"
    "@types/webidl-conversions": "*"
  checksum: 975987a9ca14a8d5a883523acb4fa0df7760cd8ca8dee56cd57753821e56060bfbead94df84f4504fe0b4270776d81cbb40fcd1f8643dab86da3a9abe926fb5c
  languageName: node
  linkType: hard

"base64-js@npm:^1.3.1":
  version: 1.5.1
  resolution: "base64-js@npm:1.5.1"
  checksum: 669632eb3745404c2f822a18fc3a0122d2f9a7a13f7fb8b5823ee19d1d2ff9ee5b52c53367176ea4ad093c332fd5ab4bd0ebae5a8e27917a4105a4cfc86b1005
  languageName: node
  linkType: hard

"bson@npm:^4.2.2, bson@npm:^4.6.0":
  version: 4.6.0
  resolution: "bson@npm:4.6.0"
  dependencies:
    buffer: ^5.6.0
  checksum: d38ca1b6c581d8667137c62258f22c0076575879c77f278c08282721844166afc0538d9fb4942976bb320a2e3dec3ddfae57b7ad52845bf7464bf997d3fdc5a2
  languageName: node
  linkType: hard

"buffer@npm:^5.6.0":
  version: 5.7.1
  resolution: "buffer@npm:5.7.1"
  dependencies:
    base64-js: ^1.3.1
    ieee754: ^1.1.13
  checksum: e2cf8429e1c4c7b8cbd30834ac09bd61da46ce35f5c22a78e6c2f04497d6d25541b16881e30a019c6fd3154150650ccee27a308eff3e26229d788bbdeb08ab84
  languageName: node
  linkType: hard

"debug@npm:4.x":
  version: 4.3.3
  resolution: "debug@npm:4.3.3"
  dependencies:
    ms: 2.1.2
  peerDependenciesMeta:
    supports-color:
      optional: true
  checksum: 14472d56fe4a94dbcfaa6dbed2dd3849f1d72ba78104a1a328047bb564643ca49df0224c3a17fa63533fd11dd3d4c8636cd861191232a2c6735af00cc2d4de16
  languageName: node
  linkType: hard

"denque@npm:^2.0.1":
  version: 2.0.1
  resolution: "denque@npm:2.0.1"
  checksum: ec398d1e3c6c8d4f5213dcf9ad74d7faa3b461e29a0019c9742b49a97ac5e16aa7134db45fa9d841e318e7722dd1ba670a474fde9a5b0d870b3a5fc6fe914c30
  languageName: node
  linkType: hard

"ieee754@npm:^1.1.13":
  version: 1.2.1
  resolution: "ieee754@npm:1.2.1"
  checksum: 5144c0c9815e54ada181d80a0b810221a253562422e7c6c3a60b1901154184f49326ec239d618c416c1c5945a2e197107aee8d986a3dd836b53dffefd99b5e7e
  languageName: node
  linkType: hard

"kareem@npm:2.3.2":
  version: 2.3.2
  resolution: "kareem@npm:2.3.2"
  checksum: 61ee3adb273e3e999eae731119bd74e40fd01ffef585b4e47756ca29dfc939a03c6a1dd8a43f2a864e599c3716e00404d1812e685b32ec7f9c52d6cedf2f2fcb
  languageName: node
  linkType: hard

"memory-pager@npm:^1.0.2":
  version: 1.5.0
  resolution: "memory-pager@npm:1.5.0"
  checksum: d1a2e684583ef55c61cd3a49101da645b11ad57014dfc565e0b43baa9004b743f7e4ab81493d8fff2ab24e9950987cc3209c94bcc4fc8d7e30a475489a1f15e9
  languageName: node
  linkType: hard

"mongodb-connection-string-url@npm:^2.3.2":
  version: 2.3.2
  resolution: "mongodb-connection-string-url@npm:2.3.2"
  dependencies:
    "@types/whatwg-url": ^8.2.1
    whatwg-url: ^11.0.0
  checksum: 7f400efb1259320f0fe2a0d5565216260fd64e1b66d73eb031ccd2d10124a58c177f7eb1451eee8ee04a01027fa268d9cd2404aa213d23d4e6911b002764c61b
  languageName: node
  linkType: hard

"mongodb@npm:4.2.2":
  version: 4.2.2
  resolution: "mongodb@npm:4.2.2"
  dependencies:
    bson: ^4.6.0
    denque: ^2.0.1
    mongodb-connection-string-url: ^2.3.2
    saslprep: ^1.0.3
  dependenciesMeta:
    saslprep:
      optional: true
  checksum: 645cc8889ee093c0d6479638aa4f5b3e587b84be5179a35993f0796fda6b25d22c4b6f7d5f27b4d23c3aacb694db2ff696ea0a5080ddc745508ffff95131f3b5
  languageName: node
  linkType: hard

"mongoose-avro-parser@workspace:.":
  version: 0.0.0-use.local
  resolution: "mongoose-avro-parser@workspace:."
  dependencies:
    mongoose: ^6.1.2
    typescript: ^4.5.4
  languageName: unknown
  linkType: soft

"mongoose@npm:^6.1.2":
  version: 6.1.2
  resolution: "mongoose@npm:6.1.2"
  dependencies:
    bson: ^4.2.2
    kareem: 2.3.2
    mongodb: 4.2.2
    mpath: 0.8.4
    mquery: 4.0.0
    ms: 2.1.2
    regexp-clone: 1.0.0
    sift: 13.5.2
    sliced: 1.0.1
  checksum: 27f285b3814f1fc00c5328970cfdd4df187fea802e9e15b8818b555df708672c15f3dbdbbbfdb2e6d17ec79bbb4777d471a7f4bfb2b2b77b129a0d3cb2772da7
  languageName: node
  linkType: hard

"mpath@npm:0.8.4":
  version: 0.8.4
  resolution: "mpath@npm:0.8.4"
  checksum: 06ad1d443766626fa361b67a4eca9cd4c36a71e475e92e8a5c242dbbc9a911adac00ce971177843b48475356df609f847342548da7701a976a2ab4116135caf0
  languageName: node
  linkType: hard

"mquery@npm:4.0.0":
  version: 4.0.0
  resolution: "mquery@npm:4.0.0"
  dependencies:
    debug: 4.x
    regexp-clone: ^1.0.0
    sliced: 1.0.1
  checksum: bfa776dfe67bb821a8199e02c01e51ca53020c552f3a7a137520e2ce3283b62ba05b50322d173d46f0e04b5eab0e2bdb5003e61019680e267c4776fe866b6306
  languageName: node
  linkType: hard

"ms@npm:2.1.2":
  version: 2.1.2
  resolution: "ms@npm:2.1.2"
  checksum: 673cdb2c3133eb050c745908d8ce632ed2c02d85640e2edb3ace856a2266a813b30c613569bf3354fdf4ea7d1a1494add3bfa95e2713baa27d0c2c71fc44f58f
  languageName: node
  linkType: hard

"punycode@npm:^2.1.1":
  version: 2.1.1
  resolution: "punycode@npm:2.1.1"
  checksum: 823bf443c6dd14f669984dea25757b37993f67e8d94698996064035edd43bed8a5a17a9f12e439c2b35df1078c6bec05a6c86e336209eb1061e8025c481168e8
  languageName: node
  linkType: hard

"regexp-clone@npm:1.0.0, regexp-clone@npm:^1.0.0":
  version: 1.0.0
  resolution: "regexp-clone@npm:1.0.0"
  checksum: ca4960bbdc4237c84813b12aed351606be7db60a8c8867ef46b44f00eec4e83f51b31de34e294900517db9d7a39636117af80916f6ce7dc45ea00cae3c6d6fc3
  languageName: node
  linkType: hard

"saslprep@npm:^1.0.3":
  version: 1.0.3
  resolution: "saslprep@npm:1.0.3"
  dependencies:
    sparse-bitfield: ^3.0.3
  checksum: 4fdc0b70fb5e523f977de405e12cca111f1f10dd68a0cfae0ca52c1a7919a94d1556598ba2d35f447655c3b32879846c77f9274c90806f6673248ae3cea6ee43
  languageName: node
  linkType: hard

"sift@npm:13.5.2":
  version: 13.5.2
  resolution: "sift@npm:13.5.2"
  checksum: 31951836c464b995b25f888876dea9c58c7a3eaa419d2ed271776d55db2d1019c6438ee458047d3c16bc93f0a329366dc535dc3a6afc42038949dc2a6a548f61
  languageName: node
  linkType: hard

"sliced@npm:1.0.1":
  version: 1.0.1
  resolution: "sliced@npm:1.0.1"
  checksum: 84528d23279985ead75809eeec5d601b0fb6bc28348c6627f4feb40747533a1e36a75e8bc60f9079528079b21c434890b397e8fc5c24a649165cc0bbe90b4d70
  languageName: node
  linkType: hard

"sparse-bitfield@npm:^3.0.3":
  version: 3.0.3
  resolution: "sparse-bitfield@npm:3.0.3"
  dependencies:
    memory-pager: ^1.0.2
  checksum: 174da88dbbcc783d5dbd26921931cc83830280b8055fb05333786ebe6fc015b9601b24972b3d55920dd2d9f5fb120576fbfa2469b08e5222c9cadf3f05210aab
  languageName: node
  linkType: hard

"tr46@npm:^3.0.0":
  version: 3.0.0
  resolution: "tr46@npm:3.0.0"
  dependencies:
    punycode: ^2.1.1
  checksum: 44c3cc6767fb800490e6e9fd64fd49041aa4e49e1f6a012b34a75de739cc9ed3a6405296072c1df8b6389ae139c5e7c6496f659cfe13a04a4bff3a1422981270
  languageName: node
  linkType: hard

"typescript@npm:^4.5.4":
  version: 4.5.4
  resolution: "typescript@npm:4.5.4"
  bin:
    tsc: bin/tsc
    tsserver: bin/tsserver
  checksum: 59f3243f9cd6fe3161e6150ff6bf795fc843b4234a655dbd938a310515e0d61afd1ac942799e7415e4334255e41c2c49b7dd5d9fd38a17acd25a6779ca7e0961
  languageName: node
  linkType: hard

"typescript@patch:typescript@^4.5.4#~builtin<compat/typescript>":
  version: 4.5.4
  resolution: "typescript@patch:typescript@npm%3A4.5.4#~builtin<compat/typescript>::version=4.5.4&hash=493e53"
  bin:
    tsc: bin/tsc
    tsserver: bin/tsserver
  checksum: 2e488dde7d2c4a2fa2e79cf2470600f8ce81bc0563c276b72df8ff412d74456ae532ba824650ae936ce207440c79720ddcfaa25e3cb4477572b8534fa4e34d49
  languageName: node
  linkType: hard

"webidl-conversions@npm:^7.0.0":
  version: 7.0.0
  resolution: "webidl-conversions@npm:7.0.0"
  checksum: f05588567a2a76428515333eff87200fae6c83c3948a7482ebb109562971e77ef6dc49749afa58abb993391227c5697b3ecca52018793e0cb4620a48f10bd21b
  languageName: node
  linkType: hard

"whatwg-url@npm:^11.0.0":
  version: 11.0.0
  resolution: "whatwg-url@npm:11.0.0"
  dependencies:
    tr46: ^3.0.0
    webidl-conversions: ^7.0.0
  checksum: ed4826aaa57e66bb3488a4b25c9cd476c46ba96052747388b5801f137dd740b73fde91ad207d96baf9f17fbcc80fc1a477ad65181b5eb5fa718d27c69501d7af
  languageName: node
  linkType: hard
